PODS:
  - SnapKit (0.40.0.beta4)

DEPENDENCIES:
  - SnapKit (from `git@github.com:SnapKit/SnapKit.git`, branch `feature/0.40.0`)

EXTERNAL SOURCES:
  SnapKit:
    :branch: feature/0.40.0
    :git: git@github.com:SnapKit/SnapKit.git

CHECKOUT OPTIONS:
  SnapKit:
    :commit: 25bd7dab9e0a2aec5c7867b1fc9135857425ad84
    :git: git@github.com:SnapKit/SnapKit.git

SPEC CHECKSUMS:
  SnapKit: 2eb32fcdca2206e611ef40d2650fe19b7469c91b

PODFILE CHECKSUM: bc1172f176160351f140397c4f9e510328c6f977

COCOAPODS: 1.0.1
